
Microsoft Visual Studio Solution File, Format Version 12.00
# Visual Studio Version 16
VisualStudioVersion = 16.0.30523.141
MinimumVisualStudioVersion = 10.0.40219.1
Project("{FAE04EC0-301F-11D3-BF4B-00C04F79EFBC}") = "GitInnitApp_MaksymilianWawrzyniak.UWP", "GitInnitApp_MaksymilianWawrzyniak.UWP\GitInnitApp_MaksymilianWawrzyniak.UWP.csproj", "{523C084E-9F37-4D21-8D02-CBEE4ADDCC61}"
EndProject
Project("{FAE04EC0-301F-11D3-BF4B-00C04F79EFBC}") = "GitInnitApp_MaksymilianWawrzyniak.Android", "GitInnitApp_MaksymilianWawrzyniak.Android\GitInnitApp_MaksymilianWawrzyniak.Android.csproj", "{1D26B05E-900C-441E-87B7-471D3A554F59}"
EndProject
Project("{FAE04EC0-301F-11D3-BF4B-00C04F79EFBC}") = "GitInnitApp_MaksymilianWawrzyniak", "GitInnitApp_MaksymilianWawrzyniak\GitInnitApp_MaksymilianWawrzyniak.csproj", "{D4B16712-686D-4C59-8043-6BDEBA97F456}"
EndProject
Global
	GlobalSection(SolutionConfigurationPlatforms) = preSolution
		Debug|Any CPU = Debug|Any CPU
		Debug|ARM = Debug|ARM
		Debug|x64 = Debug|x64
		Debug|x86 = Debug|x86
		Release|Any CPU = Release|Any CPU
		Release|ARM = Release|ARM
		Release|x64 = Release|x64
		Release|x86 = Release|x86
	EndGlobalSection
	GlobalSection(ProjectConfigurationPlatforms) = postSolution
		{523C084E-9F37-4D21-8D02-CBEE4ADDCC61}.Debug|Any CPU.ActiveCfg = Debug|x86
		{523C084E-9F37-4D21-8D02-CBEE4ADDCC61}.Debug|Any CPU.Build.0 = Debug|x86
		{523C084E-9F37-4D21-8D02-CBEE4ADDCC61}.Debug|Any CPU.Deploy.0 = Debug|x86
		{523C084E-9F37-4D21-8D02-CBEE4ADDCC61}.Debug|ARM.ActiveCfg = Debug|ARM
		{523C084E-9F37-4D21-8D02-CBEE4ADDCC61}.Debug|ARM.Build.0 = Debug|ARM
		{523C084E-9F37-4D21-8D02-CBEE4ADDCC61}.Debug|ARM.Deploy.0 = Debug|ARM
		{523C084E-9F37-4D21-8D02-CBEE4ADDCC61}.Debug|x64.ActiveCfg = Debug|x64
		{523C084E-9F37-4D21-8D02-CBEE4ADDCC61}.Debug|x64.Build.0 = Debug|x64
		{523C084E-9F37-4D21-8D02-CBEE4ADDCC61}.Debug|x64.Deploy.0 = Debug|x64
		{523C084E-9F37-4D21-8D02-CBEE4ADDCC61}.Debug|x86.ActiveCfg = Debug|x86
		{523C084E-9F37-4D21-8D02-CBEE4ADDCC61}.Debug|x86.Build.0 = Debug|x86
		{523C084E-9F37-4D21-8D02-CBEE4ADDCC61}.Debug|x86.Deploy.0 = Debug|x86
		{523C084E-9F37-4D21-8D02-CBEE4ADDCC61}.Release|Any CPU.ActiveCfg = Release|x86
		{523C084E-9F37-4D21-8D02-CBEE4ADDCC61}.Release|Any CPU.Build.0 = Release|x86
		{523C084E-9F37-4D21-8D02-CBEE4ADDCC61}.Release|Any CPU.Deploy.0 = Release|x86
		{523C084E-9F37-4D21-8D02-CBEE4ADDCC61}.Release|ARM.ActiveCfg = Release|ARM
		{523C084E-9F37-4D21-8D02-CBEE4ADDCC61}.Release|ARM.Build.0 = Release|ARM
		{523C084E-9F37-4D21-8D02-CBEE4ADDCC61}.Release|ARM.Deploy.0 = Release|ARM
		{523C084E-9F37-4D21-8D02-CBEE4ADDCC61}.Release|x64.ActiveCfg = Release|x64
		{523C084E-9F37-4D21-8D02-CBEE4ADDCC61}.Release|x64.Build.0 = Release|x64
		{523C084E-9F37-4D21-8D02-CBEE4ADDCC61}.Release|x64.Deploy.0 = Release|x64
		{523C084E-9F37-4D21-8D02-CBEE4ADDCC61}.Release|x86.ActiveCfg = Release|x86
		{523C084E-9F37-4D21-8D02-CBEE4ADDCC61}.Release|x86.Build.0 = Release|x86
		{523C084E-9F37-4D21-8D02-CBEE4ADDCC61}.Release|x86.Deploy.0 = Release|x86
		{1D26B05E-900C-441E-87B7-471D3A554F59}.Debug|Any CPU.ActiveCfg = Debug|Any CPU
		{1D26B05E-900C-441E-87B7-471D3A554F59}.Debug|Any CPU.Build.0 = Debug|Any CPU
		{1D26B05E-900C-441E-87B7-471D3A554F59}.Debug|Any CPU.Deploy.0 = Debug|Any CPU
		{1D26B05E-900C-441E-87B7-471D3A554F59}.Debug|ARM.ActiveCfg = Debug|Any CPU
		{1D26B05E-900C-441E-87B7-471D3A554F59}.Debug|ARM.Build.0 = Debug|Any CPU
		{1D26B05E-900C-441E-87B7-471D3A554F59}.Debug|ARM.Deploy.0 = Debug|Any CPU
		{1D26B05E-900C-441E-87B7-471D3A554F59}.Debug|x64.ActiveCfg = Debug|Any CPU
		{1D26B05E-900C-441E-87B7-471D3A554F59}.Debug|x64.Build.0 = Debug|Any CPU
		{1D26B05E-900C-441E-87B7-471D3A554F59}.Debug|x64.Deploy.0 = Debug|Any CPU
		{1D26B05E-900C-441E-87B7-471D3A554F59}.Debug|x86.ActiveCfg = Debug|Any CPU
		{1D26B05E-900C-441E-87B7-471D3A554F59}.Debug|x86.Build.0 = Debug|Any CPU
		{1D26B05E-900C-441E-87B7-471D3A554F59}.Debug|x86.Deploy.0 = Debug|Any CPU
		{1D26B05E-900C-441E-87B7-471D3A554F59}.Release|Any CPU.ActiveCfg = Release|Any CPU
		{1D26B05E-900C-441E-87B7-471D3A554F59}.Release|Any CPU.Build.0 = Release|Any CPU
		{1D26B05E-900C-441E-87B7-471D3A554F59}.Release|Any CPU.Deploy.0 = Release|Any CPU
		{1D26B05E-900C-441E-87B7-471D3A554F59}.Release|ARM.ActiveCfg = Release|Any CPU
		{1D26B05E-900C-441E-87B7-471D3A554F59}.Release|ARM.Build.0 = Release|Any CPU
		{1D26B05E-900C-441E-87B7-471D3A554F59}.Release|ARM.Deploy.0 = Release|Any CPU
		{1D26B05E-900C-441E-87B7-471D3A554F59}.Release|x64.ActiveCfg = Release|Any CPU
		{1D26B05E-900C-441E-87B7-471D3A554F59}.Release|x64.Build.0 = Release|Any CPU
		{1D26B05E-900C-441E-87B7-471D3A554F59}.Release|x64.Deploy.0 = Release|Any CPU
		{1D26B05E-900C-441E-87B7-471D3A554F59}.Release|x86.ActiveCfg = Release|Any CPU
		{1D26B05E-900C-441E-87B7-471D3A554F59}.Release|x86.Build.0 = Release|Any CPU
		{1D26B05E-900C-441E-87B7-471D3A554F59}.Release|x86.Deploy.0 = Release|Any CPU
		{D4B16712-686D-4C59-8043-6BDEBA97F456}.Debug|Any CPU.ActiveCfg = Debug|Any CPU
		{D4B16712-686D-4C59-8043-6BDEBA97F456}.Debug|Any CPU.Build.0 = Debug|Any CPU
		{D4B16712-686D-4C59-8043-6BDEBA97F456}.Debug|Any CPU.Deploy.0 = Debug|Any CPU
		{D4B16712-686D-4C59-8043-6BDEBA97F456}.Debug|ARM.ActiveCfg = Debug|Any CPU
		{D4B16712-686D-4C59-8043-6BDEBA97F456}.Debug|ARM.Build.0 = Debug|Any CPU
		{D4B16712-686D-4C59-8043-6BDEBA97F456}.Debug|ARM.Deploy.0 = Debug|Any CPU
		{D4B16712-686D-4C59-8043-6BDEBA97F456}.Debug|x64.ActiveCfg = Debug|Any CPU
		{D4B16712-686D-4C59-8043-6BDEBA97F456}.Debug|x64.Build.0 = Debug|Any CPU
		{D4B16712-686D-4C59-8043-6BDEBA97F456}.Debug|x64.Deploy.0 = Debug|Any CPU
		{D4B16712-686D-4C59-8043-6BDEBA97F456}.Debug|x86.ActiveCfg = Debug|Any CPU
		{D4B16712-686D-4C59-8043-6BDEBA97F456}.Debug|x86.Build.0 = Debug|Any CPU
		{D4B16712-686D-4C59-8043-6BDEBA97F456}.Debug|x86.Deploy.0 = Debug|Any CPU
		{D4B16712-686D-4C59-8043-6BDEBA97F456}.Release|Any CPU.ActiveCfg = Release|Any CPU
		{D4B16712-686D-4C59-8043-6BDEBA97F456}.Release|Any CPU.Build.0 = Release|Any CPU
		{D4B16712-686D-4C59-8043-6BDEBA97F456}.Release|Any CPU.Deploy.0 = Release|Any CPU
		{D4B16712-686D-4C59-8043-6BDEBA97F456}.Release|ARM.ActiveCfg = Release|Any CPU
		{D4B16712-686D-4C59-8043-6BDEBA97F456}.Release|ARM.Build.0 = Release|Any CPU
		{D4B16712-686D-4C59-8043-6BDEBA97F456}.Release|ARM.Deploy.0 = Release|Any CPU
		{D4B16712-686D-4C59-8043-6BDEBA97F456}.Release|x64.ActiveCfg = Release|Any CPU
		{D4B16712-686D-4C59-8043-6BDEBA97F456}.Release|x64.Build.0 = Release|Any CPU
		{D4B16712-686D-4C59-8043-6BDEBA97F456}.Release|x64.Deploy.0 = Release|Any CPU
		{D4B16712-686D-4C59-8043-6BDEBA97F456}.Release|x86.ActiveCfg = Release|Any CPU
		{D4B16712-686D-4C59-8043-6BDEBA97F456}.Release|x86.Build.0 = Release|Any CPU
		{D4B16712-686D-4C59-8043-6BDEBA97F456}.Release|x86.Deploy.0 = Release|Any CPU
	EndGlobalSection
	GlobalSection(SolutionProperties) = preSolution
		HideSolutionNode = FALSE
	EndGlobalSection
	GlobalSection(ExtensibilityGlobals) = postSolution
		SolutionGuid = {71994F67-2393-43EE-BF53-760C358FD7A9}
	EndGlobalSection
EndGlobal
